{
  "name": "human-elapsed",
  "version": "1.0.3",
  "lockfileVersion": 1,
  "requires": true,
  "dependencies": {
    "consolecolors": {
      "version": "0.33.2-b",
      "resolved": "https://registry.npmjs.org/consolecolors/-/consolecolors-0.33.2-b.tgz",
      "integrity": "sha1-IT/c2nSh/zybb9hMyYBlNIkjDZg=",
      "dev": true
    }
  }
}
